{
  "requires": true,
  "lockfileVersion": 1,
  "dependencies": {
    "countup.js": {
      "version": "2.1.0",
      "resolved": "https://registry.npmjs.org/countup.js/-/countup.js-2.1.0.tgz",
      "integrity": "sha512-VanMzLEjkt3Hp/ty5BXikM8s4wE3OH4m1AnFro7THR86nYGRvGfGCoV+zrRJcqTbZi7X1egkLSIeUKDz7+4XLA=="
    },
    "react-countup": {
      "version": "6.2.0",
      "resolved": "https://registry.npmjs.org/react-countup/-/react-countup-6.2.0.tgz",
      "integrity": "sha512-3WOKAQpWgjyFoH231SHEpIpHhDGb5g5EkTppM6T7vLa3X+8WMdw6750vVcY0wxysKiY00gTFhDwSB5qLU+xPZA==",
      "requires": {
        "countup.js": "^2.1.0"
      }
    }
  }
}
